# THIS IS AN AUTOGENERATED FILE. DO NOT EDIT THIS FILE DIRECTLY.
# yarn lockfile v1


"@hbauer/convenience-functions@^0.11.0":
  version "0.11.0"
  resolved "https://registry.yarnpkg.com/@hbauer/convenience-functions/-/convenience-functions-0.11.0.tgz#82ce0069536455d5a0945c5963f188131601bbe4"
  integrity sha512-3kLRUAw/105sc176X+iDOUCEZab6nDjKvIpmj/GFyHddW2M/zG99Fcz7Y4eThGlhNgZLlFHaMJgNW14ZYL/KtQ==

"@via-org/data-utils@^0.1.2":
  version "0.1.2"
  resolved "https://registry.yarnpkg.com/@via-org/data-utils/-/data-utils-0.1.2.tgz#f9410535b81a9536896d8f8d1981ef031dd8e327"
  integrity sha512-7KCpLBCeU/nQ6xV2w0HpB+vLl8sS0254DkgUTuIhj2HF8UsCc5jKf1OdtbcPBDJhji8CxdWZXNyUbNaiGDlujg==
  dependencies:
    "@hbauer/convenience-functions" "^0.11.0"
