# THIS IS AN AUTOGENERATED FILE. DO NOT EDIT THIS FILE DIRECTLY.
# yarn lockfile v1


"@hbauer/convenience-functions@^0.15.1":
  version "0.15.1"
  resolved "https://registry.yarnpkg.com/@hbauer/convenience-functions/-/convenience-functions-0.15.1.tgz#0e1691bd6ef43461bd76cbb363642a8f59bfe0c7"
  integrity sha512-rr7wEZUz5dSbsqtCa1Tp2sSmW91QZCBrJgxE2PUlnfV8n4jUZUOvJCCbyI+ADFzvbScRNY+DbddKDk5NvO2/Uw==

"@panva/asn1.js@^1.0.0":
  version "1.0.0"
  resolved "https://registry.yarnpkg.com/@panva/asn1.js/-/asn1.js-1.0.0.tgz#dd55ae7b8129e02049f009408b97c61ccf9032f6"
  integrity sha512-UdkG3mLEqXgnlKsWanWcgb6dOjUzJ+XC5f+aWw30qrtjxeNUSfKX1cd5FBzOaXQumoe9nIqeZUvrRJS03HCCtw==

"@via-org/data-utils@^0.3.1":
  version "0.3.2"
  resolved "https://registry.yarnpkg.com/@via-org/data-utils/-/data-utils-0.3.2.tgz#b4acb14b1c34feb678029fc3c7cf869bd2672221"
  integrity sha512-2r6WhpvzkhvnjzbMuXkZtHjyChL9FeDPlBm0tsQFYHlT/Fa/WS+VnbTZewBNkP8eIQL+nGKzrsMHHy1WdgZ4pw==
  dependencies:
    "@hbauer/convenience-functions" "^0.15.1"
